PODS:
  - OCHamcrest (7.1.2)
  - OCMockito (5.1.2):
    - OCHamcrest (~> 7.0)

DEPENDENCIES:
  - OCMockito

SPEC REPOS:
  trunk:
    - OCHamcrest
    - OCMockito

SPEC CHECKSUMS:
  OCHamcrest: b284c9592c28c1e4025a8542e67ea41a635d0d73
  OCMockito: 51a534e667194e1ecae88c5def301cc8b0ab3cc7

PODFILE CHECKSUM: c4253ee9b0c17e07559d7447e1f77cccb005728d

COCOAPODS: 1.8.4
